
Microsoft Visual Studio Solution File, Format Version 12.00
# Visual Studio Version 17
VisualStudioVersion = 17.5.33530.505
MinimumVisualStudioVersion = 10.0.40219.1
Project("{FAE04EC0-301F-11D3-BF4B-00C04F79EFBC}") = "Hypixel Skyblock Fishing Timer", "Hypixel Skyblock Fishing Timer.csproj", "{CC51F991-72E0-4931-AFBF-F88A762EC16D}"
EndProject
Global
	GlobalSection(SolutionConfigurationPlatforms) = preSolution
		Debug|Any CPU = Debug|Any CPU
		Release|Any CPU = Release|Any CPU
	EndGlobalSection
	GlobalSection(ProjectConfigurationPlatforms) = postSolution
		{CC51F991-72E0-4931-AFBF-F88A762EC16D}.Debug|Any CPU.ActiveCfg = Debug|Any CPU
		{CC51F991-72E0-4931-AFBF-F88A762EC16D}.Debug|Any CPU.Build.0 = Debug|Any CPU
		{CC51F991-72E0-4931-AFBF-F88A762EC16D}.Release|Any CPU.ActiveCfg = Release|Any CPU
		{CC51F991-72E0-4931-AFBF-F88A762EC16D}.Release|Any CPU.Build.0 = Release|Any CPU
	EndGlobalSection
	GlobalSection(SolutionProperties) = preSolution
		HideSolutionNode = FALSE
	EndGlobalSection
	GlobalSection(ExtensibilityGlobals) = postSolution
		SolutionGuid = {0360377E-6FEE-41B7-AAEA-9160699878F6}
	EndGlobalSection
EndGlobal
